
Microsoft Visual Studio Solution File, Format Version 12.00
# Visual Studio Version 17
VisualStudioVersion = 17.2.32616.157
MinimumVisualStudioVersion = 10.0.40219.1
Project("{2150E333-8FDC-42A3-9474-1A3956D46DE8}") = "Services", "Services", "{7E5BA95D-AB79-4381-929B-504CBEB1CED3}"
EndProject
Project("{2150E333-8FDC-42A3-9474-1A3956D46DE8}") = "Catalog", "Catalog", "{2A767A05-D36E-477B-97AF-29DD729304D2}"
EndProject
Project("{9A19103F-16F7-4668-BE54-9A1E7A4F7556}") = "Courses.Services.Catalog", "Services\Catalog\Courses.Services.Catalog\Courses.Services.Catalog.csproj", "{4D152E9A-19A5-4F83-820D-36EDB92A632E}"
EndProject
Project("{2150E333-8FDC-42A3-9474-1A3956D46DE8}") = "Shared", "Shared", "{2A2642E4-D6A3-4CF2-8770-AA7D16B66F3D}"
EndProject
Project("{9A19103F-16F7-4668-BE54-9A1E7A4F7556}") = "Courses.Shared", "Shared\Courses.Shared\Courses.Shared.csproj", "{52556831-BD87-42CE-B265-CECFAE4E5057}"
EndProject
Project("{2150E333-8FDC-42A3-9474-1A3956D46DE8}") = "IdentityServer", "IdentityServer", "{7F0C2CB6-8622-4EE7-A77B-084F1465E68B}"
EndProject
Project("{9A19103F-16F7-4668-BE54-9A1E7A4F7556}") = "Courses.IdentityServer", "IdentityServer\Courses.IdentityServer\Courses.IdentityServer.csproj", "{ED7FD5CB-274D-4043-8C7A-AEDC13C80964}"
EndProject
Project("{2150E333-8FDC-42A3-9474-1A3956D46DE8}") = "PhotoStock", "PhotoStock", "{6B7E00AE-C63A-4D32-8BF4-9ADC75F05320}"
EndProject
Project("{9A19103F-16F7-4668-BE54-9A1E7A4F7556}") = "Courses.Services.PhotoStock", "Services\PhotoStock\Courses.Services.PhotoStock\Courses.Services.PhotoStock.csproj", "{FC340FCE-7DFE-4D6D-99C8-74CF5C7F8DCF}"
EndProject
Project("{2150E333-8FDC-42A3-9474-1A3956D46DE8}") = "Basket", "Basket", "{4F1AEBEC-A009-4CEC-B8F5-F3BA8CD2DE05}"
EndProject
Project("{9A19103F-16F7-4668-BE54-9A1E7A4F7556}") = "Courses.Services.Basket", "Services\Basket\Courses.Services.Basket\Courses.Services.Basket.csproj", "{95BBE702-ECFC-4C85-B38B-94AA86A64DD1}"
EndProject
Project("{2150E333-8FDC-42A3-9474-1A3956D46DE8}") = "Discount", "Discount", "{A1E6454A-4B5E-4F4F-8F2D-221BC1E1DC7B}"
EndProject
Project("{9A19103F-16F7-4668-BE54-9A1E7A4F7556}") = "Courses.Services.Discount", "Services\Discount\Courses.Services.Discount\Courses.Services.Discount.csproj", "{1DD58E36-9500-4A59-9DBC-1CEBE309EA47}"
EndProject
Project("{2150E333-8FDC-42A3-9474-1A3956D46DE8}") = "Order", "Order", "{209941F3-4DF1-428A-9BEC-A0DF9EE8ACEA}"
EndProject
Project("{9A19103F-16F7-4668-BE54-9A1E7A4F7556}") = "Courses.Services.Order.API", "Services\Order\Courses.Services.Order.API\Courses.Services.Order.API.csproj", "{114A8F9A-C79A-462B-93E8-34912DD515B7}"
EndProject
Project("{9A19103F-16F7-4668-BE54-9A1E7A4F7556}") = "Courses.Services.Order.Application", "Services\Order\Courses.Services.Order.Application\Courses.Services.Order.Application.csproj", "{CD694C00-4073-49C6-B987-52DD61F4B926}"
EndProject
Project("{9A19103F-16F7-4668-BE54-9A1E7A4F7556}") = "Courses.Services.Order.Domain", "Services\Order\Courses.Services.Order.Domain\Courses.Services.Order.Domain.csproj", "{F3B8851F-F104-47E3-9F64-744D3DBDD7C0}"
EndProject
Project("{9A19103F-16F7-4668-BE54-9A1E7A4F7556}") = "Courses.Services.Order.Domain.Core", "Services\Order\Courses.Services.Order.Core\Courses.Services.Order.Domain.Core.csproj", "{9CDFF7EC-80FD-4E81-BEC3-9711CBF7FFF5}"
EndProject
Project("{9A19103F-16F7-4668-BE54-9A1E7A4F7556}") = "Courses.Services.Order.Infrastructure", "Services\Order\Courses.Services.Order.Infrastructure\Courses.Services.Order.Infrastructure.csproj", "{BA8372F8-5621-4BFD-86C3-63F28935C054}"
EndProject
Project("{2150E333-8FDC-42A3-9474-1A3956D46DE8}") = "FakePayment", "FakePayment", "{4F2079F1-482E-46DA-B98D-9F93F5292630}"
EndProject
Project("{9A19103F-16F7-4668-BE54-9A1E7A4F7556}") = "Courses.Services.FakePayment", "Services\FakePayment\Courses.Services.FakePayment\Courses.Services.FakePayment.csproj", "{9AF98593-DC18-49D4-BE72-19A6CF65F505}"
EndProject
Project("{2150E333-8FDC-42A3-9474-1A3956D46DE8}") = "Gateways", "Gateways", "{195904D0-7204-43E1-8980-056808F24BCD}"
EndProject
Project("{9A19103F-16F7-4668-BE54-9A1E7A4F7556}") = "Courses.Gateway", "Gateways\Courses.Gateway\Courses.Gateway.csproj", "{6DF43046-5655-41D6-86A6-7E958E6BC9D6}"
EndProject
Global
	GlobalSection(SolutionConfigurationPlatforms) = preSolution
		Debug|Any CPU = Debug|Any CPU
		Release|Any CPU = Release|Any CPU
	EndGlobalSection
	GlobalSection(ProjectConfigurationPlatforms) = postSolution
		{4D152E9A-19A5-4F83-820D-36EDB92A632E}.Debug|Any CPU.ActiveCfg = Debug|Any CPU
		{4D152E9A-19A5-4F83-820D-36EDB92A632E}.Debug|Any CPU.Build.0 = Debug|Any CPU
		{4D152E9A-19A5-4F83-820D-36EDB92A632E}.Release|Any CPU.ActiveCfg = Release|Any CPU
		{4D152E9A-19A5-4F83-820D-36EDB92A632E}.Release|Any CPU.Build.0 = Release|Any CPU
		{52556831-BD87-42CE-B265-CECFAE4E5057}.Debug|Any CPU.ActiveCfg = Debug|Any CPU
		{52556831-BD87-42CE-B265-CECFAE4E5057}.Debug|Any CPU.Build.0 = Debug|Any CPU
		{52556831-BD87-42CE-B265-CECFAE4E5057}.Release|Any CPU.ActiveCfg = Release|Any CPU
		{52556831-BD87-42CE-B265-CECFAE4E5057}.Release|Any CPU.Build.0 = Release|Any CPU
		{ED7FD5CB-274D-4043-8C7A-AEDC13C80964}.Debug|Any CPU.ActiveCfg = Debug|Any CPU
		{ED7FD5CB-274D-4043-8C7A-AEDC13C80964}.Debug|Any CPU.Build.0 = Debug|Any CPU
		{ED7FD5CB-274D-4043-8C7A-AEDC13C80964}.Release|Any CPU.ActiveCfg = Release|Any CPU
		{ED7FD5CB-274D-4043-8C7A-AEDC13C80964}.Release|Any CPU.Build.0 = Release|Any CPU
		{FC340FCE-7DFE-4D6D-99C8-74CF5C7F8DCF}.Debug|Any CPU.ActiveCfg = Debug|Any CPU
		{FC340FCE-7DFE-4D6D-99C8-74CF5C7F8DCF}.Debug|Any CPU.Build.0 = Debug|Any CPU
		{FC340FCE-7DFE-4D6D-99C8-74CF5C7F8DCF}.Release|Any CPU.ActiveCfg = Release|Any CPU
		{FC340FCE-7DFE-4D6D-99C8-74CF5C7F8DCF}.Release|Any CPU.Build.0 = Release|Any CPU
		{95BBE702-ECFC-4C85-B38B-94AA86A64DD1}.Debug|Any CPU.ActiveCfg = Debug|Any CPU
		{95BBE702-ECFC-4C85-B38B-94AA86A64DD1}.Debug|Any CPU.Build.0 = Debug|Any CPU
		{95BBE702-ECFC-4C85-B38B-94AA86A64DD1}.Release|Any CPU.ActiveCfg = Release|Any CPU
		{95BBE702-ECFC-4C85-B38B-94AA86A64DD1}.Release|Any CPU.Build.0 = Release|Any CPU
		{1DD58E36-9500-4A59-9DBC-1CEBE309EA47}.Debug|Any CPU.ActiveCfg = Debug|Any CPU
		{1DD58E36-9500-4A59-9DBC-1CEBE309EA47}.Debug|Any CPU.Build.0 = Debug|Any CPU
		{1DD58E36-9500-4A59-9DBC-1CEBE309EA47}.Release|Any CPU.ActiveCfg = Release|Any CPU
		{1DD58E36-9500-4A59-9DBC-1CEBE309EA47}.Release|Any CPU.Build.0 = Release|Any CPU
		{114A8F9A-C79A-462B-93E8-34912DD515B7}.Debug|Any CPU.ActiveCfg = Debug|Any CPU
		{114A8F9A-C79A-462B-93E8-34912DD515B7}.Debug|Any CPU.Build.0 = Debug|Any CPU
		{114A8F9A-C79A-462B-93E8-34912DD515B7}.Release|Any CPU.ActiveCfg = Release|Any CPU
		{114A8F9A-C79A-462B-93E8-34912DD515B7}.Release|Any CPU.Build.0 = Release|Any CPU
		{CD694C00-4073-49C6-B987-52DD61F4B926}.Debug|Any CPU.ActiveCfg = Debug|Any CPU
		{CD694C00-4073-49C6-B987-52DD61F4B926}.Debug|Any CPU.Build.0 = Debug|Any CPU
		{CD694C00-4073-49C6-B987-52DD61F4B926}.Release|Any CPU.ActiveCfg = Release|Any CPU
		{CD694C00-4073-49C6-B987-52DD61F4B926}.Release|Any CPU.Build.0 = Release|Any CPU
		{F3B8851F-F104-47E3-9F64-744D3DBDD7C0}.Debug|Any CPU.ActiveCfg = Debug|Any CPU
		{F3B8851F-F104-47E3-9F64-744D3DBDD7C0}.Debug|Any CPU.Build.0 = Debug|Any CPU
		{F3B8851F-F104-47E3-9F64-744D3DBDD7C0}.Release|Any CPU.ActiveCfg = Release|Any CPU
		{F3B8851F-F104-47E3-9F64-744D3DBDD7C0}.Release|Any CPU.Build.0 = Release|Any CPU
		{9CDFF7EC-80FD-4E81-BEC3-9711CBF7FFF5}.Debug|Any CPU.ActiveCfg = Debug|Any CPU
		{9CDFF7EC-80FD-4E81-BEC3-9711CBF7FFF5}.Debug|Any CPU.Build.0 = Debug|Any CPU
		{9CDFF7EC-80FD-4E81-BEC3-9711CBF7FFF5}.Release|Any CPU.ActiveCfg = Release|Any CPU
		{9CDFF7EC-80FD-4E81-BEC3-9711CBF7FFF5}.Release|Any CPU.Build.0 = Release|Any CPU
		{BA8372F8-5621-4BFD-86C3-63F28935C054}.Debug|Any CPU.ActiveCfg = Debug|Any CPU
		{BA8372F8-5621-4BFD-86C3-63F28935C054}.Debug|Any CPU.Build.0 = Debug|Any CPU
		{BA8372F8-5621-4BFD-86C3-63F28935C054}.Release|Any CPU.ActiveCfg = Release|Any CPU
		{BA8372F8-5621-4BFD-86C3-63F28935C054}.Release|Any CPU.Build.0 = Release|Any CPU
		{9AF98593-DC18-49D4-BE72-19A6CF65F505}.Debug|Any CPU.ActiveCfg = Debug|Any CPU
		{9AF98593-DC18-49D4-BE72-19A6CF65F505}.Debug|Any CPU.Build.0 = Debug|Any CPU
		{9AF98593-DC18-49D4-BE72-19A6CF65F505}.Release|Any CPU.ActiveCfg = Release|Any CPU
		{9AF98593-DC18-49D4-BE72-19A6CF65F505}.Release|Any CPU.Build.0 = Release|Any CPU
		{6DF43046-5655-41D6-86A6-7E958E6BC9D6}.Debug|Any CPU.ActiveCfg = Debug|Any CPU
		{6DF43046-5655-41D6-86A6-7E958E6BC9D6}.Debug|Any CPU.Build.0 = Debug|Any CPU
		{6DF43046-5655-41D6-86A6-7E958E6BC9D6}.Release|Any CPU.ActiveCfg = Release|Any CPU
		{6DF43046-5655-41D6-86A6-7E958E6BC9D6}.Release|Any CPU.Build.0 = Release|Any CPU
	EndGlobalSection
	GlobalSection(SolutionProperties) = preSolution
		HideSolutionNode = FALSE
	EndGlobalSection
	GlobalSection(NestedProjects) = preSolution
		{2A767A05-D36E-477B-97AF-29DD729304D2} = {7E5BA95D-AB79-4381-929B-504CBEB1CED3}
		{4D152E9A-19A5-4F83-820D-36EDB92A632E} = {2A767A05-D36E-477B-97AF-29DD729304D2}
		{52556831-BD87-42CE-B265-CECFAE4E5057} = {2A2642E4-D6A3-4CF2-8770-AA7D16B66F3D}
		{ED7FD5CB-274D-4043-8C7A-AEDC13C80964} = {7F0C2CB6-8622-4EE7-A77B-084F1465E68B}
		{6B7E00AE-C63A-4D32-8BF4-9ADC75F05320} = {7E5BA95D-AB79-4381-929B-504CBEB1CED3}
		{FC340FCE-7DFE-4D6D-99C8-74CF5C7F8DCF} = {6B7E00AE-C63A-4D32-8BF4-9ADC75F05320}
		{4F1AEBEC-A009-4CEC-B8F5-F3BA8CD2DE05} = {7E5BA95D-AB79-4381-929B-504CBEB1CED3}
		{95BBE702-ECFC-4C85-B38B-94AA86A64DD1} = {4F1AEBEC-A009-4CEC-B8F5-F3BA8CD2DE05}
		{A1E6454A-4B5E-4F4F-8F2D-221BC1E1DC7B} = {7E5BA95D-AB79-4381-929B-504CBEB1CED3}
		{1DD58E36-9500-4A59-9DBC-1CEBE309EA47} = {A1E6454A-4B5E-4F4F-8F2D-221BC1E1DC7B}
		{209941F3-4DF1-428A-9BEC-A0DF9EE8ACEA} = {7E5BA95D-AB79-4381-929B-504CBEB1CED3}
		{114A8F9A-C79A-462B-93E8-34912DD515B7} = {209941F3-4DF1-428A-9BEC-A0DF9EE8ACEA}
		{CD694C00-4073-49C6-B987-52DD61F4B926} = {209941F3-4DF1-428A-9BEC-A0DF9EE8ACEA}
		{F3B8851F-F104-47E3-9F64-744D3DBDD7C0} = {209941F3-4DF1-428A-9BEC-A0DF9EE8ACEA}
		{9CDFF7EC-80FD-4E81-BEC3-9711CBF7FFF5} = {209941F3-4DF1-428A-9BEC-A0DF9EE8ACEA}
		{BA8372F8-5621-4BFD-86C3-63F28935C054} = {209941F3-4DF1-428A-9BEC-A0DF9EE8ACEA}
		{4F2079F1-482E-46DA-B98D-9F93F5292630} = {7E5BA95D-AB79-4381-929B-504CBEB1CED3}
		{9AF98593-DC18-49D4-BE72-19A6CF65F505} = {4F2079F1-482E-46DA-B98D-9F93F5292630}
		{6DF43046-5655-41D6-86A6-7E958E6BC9D6} = {195904D0-7204-43E1-8980-056808F24BCD}
	EndGlobalSection
	GlobalSection(ExtensibilityGlobals) = postSolution
		SolutionGuid = {EC3765D9-1DC4-4B57-A5BC-D6F10849FA7F}
	EndGlobalSection
EndGlobal
